{
  "version": "5",
  "specifiers": {
    "npm:pdfjs-dist@5.4.296": "5.4.296"
  },
  "npm": {
    "@napi-rs/canvas-android-arm64@0.1.97": {
      "integrity": "sha512-V1c/WVw+NzH8vk7ZK/O8/nyBSCQimU8sfMsB/9qeSvdkGKNU7+mxy/bIF0gTgeBFmHpj30S4E9WHMSrxXGQuVQ==",
      "os": ["android"],
      "cpu": ["arm64"]
    },
    "@napi-rs/canvas-darwin-arm64@0.1.97": {
      "integrity": "sha512-ok+SCEF4YejcxuJ9Rm+WWunHHpf2HmiPxfz6z1a/NFQECGXtsY7A4B8XocK1LmT1D7P174MzwPF9Wy3AUAwEPw==",
      "os": ["darwin"],
      "cpu": ["arm64"]
    },
    "@napi-rs/canvas-darwin-x64@0.1.97": {
      "integrity": "sha512-PUP6e6/UGlclUvAQNnuXCcnkpdUou6VYZfQOQxExLp86epOylmiwLkqXIvpFmjoTEDmPmXrI+coL/9EFU1gKPA==",
      "os": ["darwin"],
      "cpu": ["x64"]
    },
    "@napi-rs/canvas-linux-arm-gnueabihf@0.1.97": {
      "integrity": "sha512-XyXH2L/cic8eTNtbrXCcvqHtMX/nEOxN18+7rMrAM2XtLYC/EB5s0wnO1FsLMWmK+04ZSLN9FBGipo7kpIkcOw==",
      "os": ["linux"],
      "cpu": ["arm"]
    },
    "@napi-rs/canvas-linux-arm64-gnu@0.1.97": {
      "integrity": "sha512-Kuq/M3djq0K8ktgz6nPlK7Ne5d4uWeDxPpyKWOjWDK2RIOhHVtLtyLiJw2fuldw7Vn4mhw05EZXCEr4Q76rs9w==",
      "os": ["linux"],
      "cpu": ["arm64"]
    },
    "@napi-rs/canvas-linux-arm64-musl@0.1.97": {
      "integrity": "sha512-kKmSkQVnWeqg7qdsiXvYxKhAFuHz3tkBjW/zyQv5YKUPhotpaVhpBGv5LqCngzyuRV85SXoe+OFj+Tv0a0QXkQ==",
      "os": ["linux"],
      "cpu": ["arm64"]
    },
    "@napi-rs/canvas-linux-riscv64-gnu@0.1.97": {
      "integrity": "sha512-Jc7I3A51jnEOIAXeLsN/M/+Z28LUeakcsXs07FLq9prXc0eYOtVwsDEv913Gr+06IRo34gJJVgT0TXvmz+N2VA==",
      "os": ["linux"],
      "cpu": ["riscv64"]
    },
    "@napi-rs/canvas-linux-x64-gnu@0.1.97": {
      "integrity": "sha512-iDUBe7AilfuBSRbSa8/IGX38Mf+iCSBqoVKLSQ5XaY2JLOaqz1TVyPFEyIck7wT6mRQhQt5sN6ogfjIDfi74tg==",
      "os": ["linux"],
      "cpu": ["x64"]
    },
    "@napi-rs/canvas-linux-x64-musl@0.1.97": {
      "integrity": "sha512-AKLFd/v0Z5fvgqBDqhvqtAdx+fHMJ5t9JcUNKq4FIZ5WH+iegGm8HPdj00NFlCSnm83Fp3Ln8I2f7uq1aIiWaA==",
      "os": ["linux"],
      "cpu": ["x64"]
    },
    "@napi-rs/canvas-win32-arm64-msvc@0.1.97": {
      "integrity": "sha512-u883Yr6A6fO7Vpsy9YE4FVCIxzzo5sO+7pIUjjoDLjS3vQaNMkVzx5bdIpEL+ob+gU88WDK4VcxYMZ6nmnoX9A==",
      "os": ["win32"],
      "cpu": ["arm64"]
    },
    "@napi-rs/canvas-win32-x64-msvc@0.1.97": {
      "integrity": "sha512-sWtD2EE3fV0IzN+iiQUqr/Q1SwqWhs2O1FKItFlxtdDkikpEj5g7DKQpY3x55H/MAOnL8iomnlk3mcEeGiUMoQ==",
      "os": ["win32"],
      "cpu": ["x64"]
    },
    "@napi-rs/canvas@0.1.97": {
      "integrity": "sha512-8cFniXvrIEnVwuNSRCW9wirRZbHvrD3JVujdS2P5n5xiJZNZMOZcfOvJ1pb66c7jXMKHHglJEDVJGbm8XWFcXQ==",
      "optionalDependencies": [
        "@napi-rs/canvas-android-arm64",
        "@napi-rs/canvas-darwin-arm64",
        "@napi-rs/canvas-darwin-x64",
        "@napi-rs/canvas-linux-arm-gnueabihf",
        "@napi-rs/canvas-linux-arm64-gnu",
        "@napi-rs/canvas-linux-arm64-musl",
        "@napi-rs/canvas-linux-riscv64-gnu",
        "@napi-rs/canvas-linux-x64-gnu",
        "@napi-rs/canvas-linux-x64-musl",
        "@napi-rs/canvas-win32-arm64-msvc",
        "@napi-rs/canvas-win32-x64-msvc"
      ]
    },
    "pdfjs-dist@5.4.296": {
      "integrity": "sha512-DlOzet0HO7OEnmUmB6wWGJrrdvbyJKftI1bhMitK7O2N8W2gc757yyYBbINy9IDafXAV9wmKr9t7xsTaNKRG5Q==",
      "optionalDependencies": [
        "@napi-rs/canvas"
      ]
    }
  },
  "redirects": {
    "https://esm.sh/@supabase/supabase-js@2": "https://esm.sh/@supabase/supabase-js@2.99.3",
    "https://esm.sh/iceberg-js@^0.8.1?target=denonext": "https://esm.sh/iceberg-js@0.8.1?target=denonext"
  },
  "remote": {
    "https://esm.sh/@supabase/auth-js@2.99.3/denonext/auth-js.mjs": "7221b207de0fcf66b12ab365ce1249f6c822c9c94e90330998f3bd96d42497e2",
    "https://esm.sh/@supabase/functions-js@2.99.3/denonext/functions-js.mjs": "5f507faa54f4e788c3a3e02b22deb4ef19f5e6366ae2201c52c0417ceb4680fd",
    "https://esm.sh/@supabase/postgrest-js@2.99.3/denonext/postgrest-js.mjs": "066eb7abbe2bf2f477719afef31dc0038fb996f71ada53c5744f115960e08d05",
    "https://esm.sh/@supabase/realtime-js@2.99.3/denonext/realtime-js.mjs": "e969533fe09c7ef6e1b961e0c821bd598dace5dd332476e9a4ff38d3a712c258",
    "https://esm.sh/@supabase/storage-js@2.99.3/denonext/storage-js.mjs": "e96730599fbf773dc50de17ba61478c991c52fdff8f8c308abef428679a44ef3",
    "https://esm.sh/@supabase/supabase-js@2.99.3": "043625cad1798d7e165a9cfcea145ac7d309c34786e5558023fecbcf565abfc7",
    "https://esm.sh/@supabase/supabase-js@2.99.3/denonext/supabase-js.mjs": "af4d9b87a8acdeea13eed5905469ba5927d2286fade34fa785c5e8bdd67ff287",
    "https://esm.sh/iceberg-js@0.8.1/denonext/iceberg-js.mjs": "d839d81a2e3966500ca2cdd0c1cb458e9608bacfc91f7bb67a69b2e878dcdb4f",
    "https://esm.sh/iceberg-js@0.8.1?target=denonext": "58c849d7fe2bf4eca4a84eb501e83c161a7d8c34ca1bec15a962b3bec3062633",
    "https://esm.sh/tslib@2.8.1/denonext/tslib.mjs": "c38da5dd6da6281964435002ce204cd586634fe3bdfb24a0ee116f48cf3292e9"
  },
  "workspace": {
    "dependencies": [
      "jsr:@std/encoding@0.224.3",
      "jsr:@std/http@0.224.5",
      "npm:pdfjs-dist@5.4.296"
    ]
  }
}
